{
  "version": 4,
  "terraform_version": "0.15.3",
  "serial": 93,
  "lineage": "cf565e07-b73d-ea00-fd2a-32619be0737b",
  "outputs": {},
  "resources": [
    {
      "module": "module.common-project-a.module.project.module.budget",
      "mode": "data",
      "type": "google_project",
      "name": "project",
      "provider": "provider[\"registry.terraform.io/hashicorp/google\"]",
      "instances": [
        {
          "index_key": 0,
          "schema_version": 0,
          "attributes": {
            "auto_create_network": null,
            "billing_account": "0189FA-E139FD-136A58",
            "folder_id": "814722568305",
            "id": "projects/prj--host-prod-c34e",
            "labels": {},
            "name": "prj--host-prod",
            "number": "970032330137",
            "org_id": "",
            "project_id": "prj--host-prod-c34e",
            "skip_delete": null
          },
          "sensitive_attributes": []
        }
      ]
    },
    {
      "module": "module.common-project-a.module.project.module.project-factory",
      "mode": "managed",
      "type": "google_project",
      "name": "main",
      "provider": "provider[\"registry.terraform.io/hashicorp/google\"]",
      "instances": [
        {
          "schema_version": 1,
          "attributes": {
            "auto_create_network": false,
            "billing_account": "0189FA-E139FD-136A58",
            "folder_id": "814722568305",
            "id": "projects/prj--host-prod-c34e",
            "labels": {},
            "name": "prj--host-prod",
            "number": "970032330137",
            "org_id": "",
            "project_id": "prj--host-prod-c34e",
            "skip_delete": null,
            "timeouts": null
          },
          "sensitive_attributes": [],
          "private": "eyJlMmJmYjczMC1lY2FhLTExZTYtOGY4OC0zNDM2M2JjN2M0YzAiOnsiY3JlYXRlIjo2MDAwMDAwMDAwMDAsImRlbGV0ZSI6NjAwMDAwMDAwMDAwLCJyZWFkIjo2MDAwMDAwMDAwMDAsInVwZGF0ZSI6NjAwMDAwMDAwMDAwfSwic2NoZW1hX3ZlcnNpb24iOiIxIn0=",
          "dependencies": [
            "module.common-project-a.module.project.module.project-factory.random_id.random_project_id_suffix",
            "module.first_level_folder_common.module.folder.google_folder.folders",
            "module.root_level_folder_triange.module.folder.google_folder.folders"
          ]
        }
      ]
    },
    {
      "module": "module.common-project-a.module.project.module.project-factory",
      "mode": "managed",
      "type": "google_project_default_service_accounts",
      "name": "default_service_accounts",
      "provider": "provider[\"registry.terraform.io/hashicorp/google\"]",
      "instances": [
        {
          "index_key": 0,
          "schema_version": 0,
          "attributes": {
            "action": "DISABLE",
            "id": "projects/prj--host-prod-c34e",
            "project": "prj--host-prod-c34e",
            "restore_policy": "REVERT_AND_IGNORE_FAILURE",
            "service_accounts": {
              "113707893948175542757": "970032330137-compute@developer.gserviceaccount.com"
            },
            "timeouts": null
          },
          "sensitive_attributes": [],
          "private": "eyJlMmJmYjczMC1lY2FhLTExZTYtOGY4OC0zNDM2M2JjN2M0YzAiOnsiY3JlYXRlIjo2MDAwMDAwMDAwMDAsImRlbGV0ZSI6NjAwMDAwMDAwMDAwLCJyZWFkIjo2MDAwMDAwMDAwMDB9fQ==",
          "dependencies": [
            "module.common-project-a.module.project.module.project-factory.module.project_services.google_project_service.project_services",
            "module.common-project-a.module.project.module.project-factory.module.project_services.google_project_service_identity.project_service_identities",
            "module.common-project-a.module.project.module.project-factory.random_id.random_project_id_suffix",
            "module.first_level_folder_common.module.folder.google_folder.folders",
            "module.root_level_folder_triange.module.folder.google_folder.folders",
            "module.common-project-a.module.project.module.project-factory.google_project.main",
            "module.common-project-a.module.project.module.project-factory.module.project_services.google_project_iam_member.project_service_identity_roles"
          ]
        }
      ]
    },
    {
      "module": "module.common-project-a.module.project.module.project-factory",
      "mode": "managed",
      "type": "random_id",
      "name": "random_project_id_suffix",
      "provider": "provider[\"registry.terraform.io/hashicorp/random\"]",
      "instances": [
        {
          "schema_version": 0,
          "attributes": {
            "b64_std": "w04=",
            "b64_url": "w04",
            "byte_length": 2,
            "dec": "49998",
            "hex": "c34e",
            "id": "w04",
            "keepers": null,
            "prefix": null
          },
          "sensitive_attributes": []
        }
      ]
    },
    {
      "module": "module.common-project-a.module.project.module.project-factory.module.project_services",
      "mode": "managed",
      "type": "google_project_service",
      "name": "project_services",
      "provider": "provider[\"registry.terraform.io/hashicorp/google\"]",
      "instances": [
        {
          "index_key": "compute.googleapis.com",
          "schema_version": 0,
          "attributes": {
            "disable_dependent_services": true,
            "disable_on_destroy": true,
            "id": "prj--host-prod-c34e/compute.googleapis.com",
            "project": "prj--host-prod-c34e",
            "service": "compute.googleapis.com",
            "timeouts": null
          },
          "sensitive_attributes": [],
          "private": "eyJlMmJmYjczMC1lY2FhLTExZTYtOGY4OC0zNDM2M2JjN2M0YzAiOnsiY3JlYXRlIjoxMjAwMDAwMDAwMDAwLCJkZWxldGUiOjEyMDAwMDAwMDAwMDAsInJlYWQiOjYwMDAwMDAwMDAwMCwidXBkYXRlIjoxMjAwMDAwMDAwMDAwfX0=",
          "dependencies": [
            "module.common-project-a.module.project.module.project-factory.google_project.main",
            "module.common-project-a.module.project.module.project-factory.random_id.random_project_id_suffix",
            "module.first_level_folder_common.module.folder.google_folder.folders",
            "module.root_level_folder_triange.module.folder.google_folder.folders"
          ]
        }
      ]
    },
    {
      "module": "module.common-project-b.module.project.module.budget",
      "mode": "data",
      "type": "google_project",
      "name": "project",
      "provider": "provider[\"registry.terraform.io/hashicorp/google\"]",
      "instances": [
        {
          "index_key": 0,
          "schema_version": 0,
          "attributes": {
            "auto_create_network": null,
            "billing_account": "0189FA-E139FD-136A58",
            "folder_id": "814722568305",
            "id": "projects/prj--host-stage-cdfa",
            "labels": {},
            "name": "prj--host-stage",
            "number": "438058267622",
            "org_id": "",
            "project_id": "prj--host-stage-cdfa",
            "skip_delete": null
          },
          "sensitive_attributes": []
        }
      ]
    },
    {
      "module": "module.common-project-b.module.project.module.project-factory",
      "mode": "managed",
      "type": "google_project",
      "name": "main",
      "provider": "provider[\"registry.terraform.io/hashicorp/google\"]",
      "instances": [
        {
          "schema_version": 1,
          "attributes": {
            "auto_create_network": false,
            "billing_account": "0189FA-E139FD-136A58",
            "folder_id": "814722568305",
            "id": "projects/prj--host-stage-cdfa",
            "labels": {},
            "name": "prj--host-stage",
            "number": "438058267622",
            "org_id": "",
            "project_id": "prj--host-stage-cdfa",
            "skip_delete": null,
            "timeouts": null
          },
          "sensitive_attributes": [],
          "private": "eyJlMmJmYjczMC1lY2FhLTExZTYtOGY4OC0zNDM2M2JjN2M0YzAiOnsiY3JlYXRlIjo2MDAwMDAwMDAwMDAsImRlbGV0ZSI6NjAwMDAwMDAwMDAwLCJyZWFkIjo2MDAwMDAwMDAwMDAsInVwZGF0ZSI6NjAwMDAwMDAwMDAwfSwic2NoZW1hX3ZlcnNpb24iOiIxIn0=",
          "dependencies": [
            "module.common-project-b.module.project.module.project-factory.random_id.random_project_id_suffix",
            "module.first_level_folder_common.module.folder.google_folder.folders",
            "module.root_level_folder_triange.module.folder.google_folder.folders"
          ]
        }
      ]
    },
    {
      "module": "module.common-project-b.module.project.module.project-factory",
      "mode": "managed",
      "type": "google_project_default_service_accounts",
      "name": "default_service_accounts",
      "provider": "provider[\"registry.terraform.io/hashicorp/google\"]",
      "instances": [
        {
          "index_key": 0,
          "schema_version": 0,
          "attributes": {
            "action": "DISABLE",
            "id": "projects/prj--host-stage-cdfa",
            "project": "prj--host-stage-cdfa",
            "restore_policy": "REVERT_AND_IGNORE_FAILURE",
            "service_accounts": {
              "101416439656799602517": "438058267622-compute@developer.gserviceaccount.com"
            },
            "timeouts": null
          },
          "sensitive_attributes": [],
          "private": "eyJlMmJmYjczMC1lY2FhLTExZTYtOGY4OC0zNDM2M2JjN2M0YzAiOnsiY3JlYXRlIjo2MDAwMDAwMDAwMDAsImRlbGV0ZSI6NjAwMDAwMDAwMDAwLCJyZWFkIjo2MDAwMDAwMDAwMDB9fQ==",
          "dependencies": [
            "module.common-project-b.module.project.module.project-factory.google_project.main",
            "module.common-project-b.module.project.module.project-factory.module.project_services.google_project_iam_member.project_service_identity_roles",
            "module.common-project-b.module.project.module.project-factory.module.project_services.google_project_service.project_services",
            "module.common-project-b.module.project.module.project-factory.module.project_services.google_project_service_identity.project_service_identities",
            "module.common-project-b.module.project.module.project-factory.random_id.random_project_id_suffix",
            "module.first_level_folder_common.module.folder.google_folder.folders",
            "module.root_level_folder_triange.module.folder.google_folder.folders"
          ]
        }
      ]
    },
    {
      "module": "module.common-project-b.module.project.module.project-factory",
      "mode": "managed",
      "type": "random_id",
      "name": "random_project_id_suffix",
      "provider": "provider[\"registry.terraform.io/hashicorp/random\"]",
      "instances": [
        {
          "schema_version": 0,
          "attributes": {
            "b64_std": "zfo=",
            "b64_url": "zfo",
            "byte_length": 2,
            "dec": "52730",
            "hex": "cdfa",
            "id": "zfo",
            "keepers": null,
            "prefix": null
          },
          "sensitive_attributes": []
        }
      ]
    },
    {
      "module": "module.common-project-b.module.project.module.project-factory.module.project_services",
      "mode": "managed",
      "type": "google_project_service",
      "name": "project_services",
      "provider": "provider[\"registry.terraform.io/hashicorp/google\"]",
      "instances": [
        {
          "index_key": "compute.googleapis.com",
          "schema_version": 0,
          "attributes": {
            "disable_dependent_services": true,
            "disable_on_destroy": true,
            "id": "prj--host-stage-cdfa/compute.googleapis.com",
            "project": "prj--host-stage-cdfa",
            "service": "compute.googleapis.com",
            "timeouts": null
          },
          "sensitive_attributes": [],
          "private": "eyJlMmJmYjczMC1lY2FhLTExZTYtOGY4OC0zNDM2M2JjN2M0YzAiOnsiY3JlYXRlIjoxMjAwMDAwMDAwMDAwLCJkZWxldGUiOjEyMDAwMDAwMDAwMDAsInJlYWQiOjYwMDAwMDAwMDAwMCwidXBkYXRlIjoxMjAwMDAwMDAwMDAwfX0=",
          "dependencies": [
            "module.common-project-b.module.project.module.project-factory.google_project.main",
            "module.common-project-b.module.project.module.project-factory.random_id.random_project_id_suffix",
            "module.first_level_folder_common.module.folder.google_folder.folders",
            "module.root_level_folder_triange.module.folder.google_folder.folders"
          ]
        }
      ]
    },
    {
      "module": "module.common-project-c.module.project.module.budget",
      "mode": "data",
      "type": "google_project",
      "name": "project",
      "provider": "provider[\"registry.terraform.io/hashicorp/google\"]",
      "instances": [
        {
          "index_key": 0,
          "schema_version": 0,
          "attributes": {
            "auto_create_network": null,
            "billing_account": "0189FA-E139FD-136A58",
            "folder_id": "814722568305",
            "id": "projects/prj--triange-poc-c469",
            "labels": {},
            "name": "prj--triange-poc",
            "number": "533696544920",
            "org_id": "",
            "project_id": "prj--triange-poc-c469",
            "skip_delete": null
          },
          "sensitive_attributes": []
        }
      ]
    },
    {
      "module": "module.common-project-c.module.project.module.project-factory",
      "mode": "managed",
      "type": "google_project",
      "name": "main",
      "provider": "provider[\"registry.terraform.io/hashicorp/google\"]",
      "instances": [
        {
          "schema_version": 1,
          "attributes": {
            "auto_create_network": false,
            "billing_account": "0189FA-E139FD-136A58",
            "folder_id": "814722568305",
            "id": "projects/prj--triange-poc-c469",
            "labels": {},
            "name": "prj--triange-poc",
            "number": "533696544920",
            "org_id": "",
            "project_id": "prj--triange-poc-c469",
            "skip_delete": null,
            "timeouts": null
          },
          "sensitive_attributes": [],
          "private": "eyJlMmJmYjczMC1lY2FhLTExZTYtOGY4OC0zNDM2M2JjN2M0YzAiOnsiY3JlYXRlIjo2MDAwMDAwMDAwMDAsImRlbGV0ZSI6NjAwMDAwMDAwMDAwLCJyZWFkIjo2MDAwMDAwMDAwMDAsInVwZGF0ZSI6NjAwMDAwMDAwMDAwfSwic2NoZW1hX3ZlcnNpb24iOiIxIn0=",
          "dependencies": [
            "module.common-project-c.module.project.module.project-factory.random_id.random_project_id_suffix",
            "module.first_level_folder_common.module.folder.google_folder.folders",
            "module.root_level_folder_triange.module.folder.google_folder.folders"
          ]
        }
      ]
    },
    {
      "module": "module.common-project-c.module.project.module.project-factory",
      "mode": "managed",
      "type": "google_project_default_service_accounts",
      "name": "default_service_accounts",
      "provider": "provider[\"registry.terraform.io/hashicorp/google\"]",
      "instances": [
        {
          "index_key": 0,
          "schema_version": 0,
          "attributes": {
            "action": "DISABLE",
            "id": "projects/prj--triange-poc-c469",
            "project": "prj--triange-poc-c469",
            "restore_policy": "REVERT_AND_IGNORE_FAILURE",
            "service_accounts": {
              "106672465619550941455": "533696544920-compute@developer.gserviceaccount.com"
            },
            "timeouts": null
          },
          "sensitive_attributes": [],
          "private": "eyJlMmJmYjczMC1lY2FhLTExZTYtOGY4OC0zNDM2M2JjN2M0YzAiOnsiY3JlYXRlIjo2MDAwMDAwMDAwMDAsImRlbGV0ZSI6NjAwMDAwMDAwMDAwLCJyZWFkIjo2MDAwMDAwMDAwMDB9fQ==",
          "dependencies": [
            "module.common-project-c.module.project.module.project-factory.random_id.random_project_id_suffix",
            "module.first_level_folder_common.module.folder.google_folder.folders",
            "module.root_level_folder_triange.module.folder.google_folder.folders",
            "module.common-project-c.module.project.module.project-factory.google_project.main",
            "module.common-project-c.module.project.module.project-factory.module.project_services.google_project_iam_member.project_service_identity_roles",
            "module.common-project-c.module.project.module.project-factory.module.project_services.google_project_service.project_services",
            "module.common-project-c.module.project.module.project-factory.module.project_services.google_project_service_identity.project_service_identities"
          ]
        }
      ]
    },
    {
      "module": "module.common-project-c.module.project.module.project-factory",
      "mode": "managed",
      "type": "random_id",
      "name": "random_project_id_suffix",
      "provider": "provider[\"registry.terraform.io/hashicorp/random\"]",
      "instances": [
        {
          "schema_version": 0,
          "attributes": {
            "b64_std": "xGk=",
            "b64_url": "xGk",
            "byte_length": 2,
            "dec": "50281",
            "hex": "c469",
            "id": "xGk",
            "keepers": null,
            "prefix": null
          },
          "sensitive_attributes": []
        }
      ]
    },
    {
      "module": "module.common-project-c.module.project.module.project-factory.module.project_services",
      "mode": "managed",
      "type": "google_project_service",
      "name": "project_services",
      "provider": "provider[\"registry.terraform.io/hashicorp/google\"]",
      "instances": [
        {
          "index_key": "compute.googleapis.com",
          "schema_version": 0,
          "attributes": {
            "disable_dependent_services": true,
            "disable_on_destroy": true,
            "id": "prj--triange-poc-c469/compute.googleapis.com",
            "project": "prj--triange-poc-c469",
            "service": "compute.googleapis.com",
            "timeouts": null
          },
          "sensitive_attributes": [],
          "private": "eyJlMmJmYjczMC1lY2FhLTExZTYtOGY4OC0zNDM2M2JjN2M0YzAiOnsiY3JlYXRlIjoxMjAwMDAwMDAwMDAwLCJkZWxldGUiOjEyMDAwMDAwMDAwMDAsInJlYWQiOjYwMDAwMDAwMDAwMCwidXBkYXRlIjoxMjAwMDAwMDAwMDAwfX0=",
          "dependencies": [
            "module.common-project-c.module.project.module.project-factory.google_project.main",
            "module.common-project-c.module.project.module.project-factory.random_id.random_project_id_suffix",
            "module.first_level_folder_common.module.folder.google_folder.folders",
            "module.root_level_folder_triange.module.folder.google_folder.folders"
          ]
        }
      ]
    },
    {
      "module": "module.common-project-d.module.project.module.budget",
      "mode": "data",
      "type": "google_project",
      "name": "project",
      "provider": "provider[\"registry.terraform.io/hashicorp/google\"]",
      "instances": [
        {
          "index_key": 0,
          "schema_version": 0,
          "attributes": {
            "auto_create_network": null,
            "billing_account": "0189FA-E139FD-136A58",
            "folder_id": "814722568305",
            "id": "projects/prj--triange-logging-2d51",
            "labels": {},
            "name": "prj--triange-logging",
            "number": "942159473897",
            "org_id": "",
            "project_id": "prj--triange-logging-2d51",
            "skip_delete": null
          },
          "sensitive_attributes": []
        }
      ]
    },
    {
      "module": "module.common-project-d.module.project.module.project-factory",
      "mode": "managed",
      "type": "google_project",
      "name": "main",
      "provider": "provider[\"registry.terraform.io/hashicorp/google\"]",
      "instances": [
        {
          "schema_version": 1,
          "attributes": {
            "auto_create_network": false,
            "billing_account": "0189FA-E139FD-136A58",
            "folder_id": "814722568305",
            "id": "projects/prj--triange-logging-2d51",
            "labels": {},
            "name": "prj--triange-logging",
            "number": "942159473897",
            "org_id": "",
            "project_id": "prj--triange-logging-2d51",
            "skip_delete": null,
            "timeouts": null
          },
          "sensitive_attributes": [],
          "private": "eyJlMmJmYjczMC1lY2FhLTExZTYtOGY4OC0zNDM2M2JjN2M0YzAiOnsiY3JlYXRlIjo2MDAwMDAwMDAwMDAsImRlbGV0ZSI6NjAwMDAwMDAwMDAwLCJyZWFkIjo2MDAwMDAwMDAwMDAsInVwZGF0ZSI6NjAwMDAwMDAwMDAwfSwic2NoZW1hX3ZlcnNpb24iOiIxIn0=",
          "dependencies": [
            "module.common-project-d.module.project.module.project-factory.random_id.random_project_id_suffix",
            "module.first_level_folder_common.module.folder.google_folder.folders",
            "module.root_level_folder_triange.module.folder.google_folder.folders"
          ]
        }
      ]
    },
    {
      "module": "module.common-project-d.module.project.module.project-factory",
      "mode": "managed",
      "type": "google_project_default_service_accounts",
      "name": "default_service_accounts",
      "provider": "provider[\"registry.terraform.io/hashicorp/google\"]",
      "instances": [
        {
          "index_key": 0,
          "schema_version": 0,
          "attributes": {
            "action": "DISABLE",
            "id": "projects/prj--triange-logging-2d51",
            "project": "prj--triange-logging-2d51",
            "restore_policy": "REVERT_AND_IGNORE_FAILURE",
            "service_accounts": {
              "118014511921252187664": "942159473897-compute@developer.gserviceaccount.com"
            },
            "timeouts": null
          },
          "sensitive_attributes": [],
          "private": "eyJlMmJmYjczMC1lY2FhLTExZTYtOGY4OC0zNDM2M2JjN2M0YzAiOnsiY3JlYXRlIjo2MDAwMDAwMDAwMDAsImRlbGV0ZSI6NjAwMDAwMDAwMDAwLCJyZWFkIjo2MDAwMDAwMDAwMDB9fQ==",
          "dependencies": [
            "module.root_level_folder_triange.module.folder.google_folder.folders",
            "module.common-project-d.module.project.module.project-factory.google_project.main",
            "module.common-project-d.module.project.module.project-factory.module.project_services.google_project_iam_member.project_service_identity_roles",
            "module.common-project-d.module.project.module.project-factory.module.project_services.google_project_service.project_services",
            "module.common-project-d.module.project.module.project-factory.module.project_services.google_project_service_identity.project_service_identities",
            "module.common-project-d.module.project.module.project-factory.random_id.random_project_id_suffix",
            "module.first_level_folder_common.module.folder.google_folder.folders"
          ]
        }
      ]
    },
    {
      "module": "module.common-project-d.module.project.module.project-factory",
      "mode": "managed",
      "type": "random_id",
      "name": "random_project_id_suffix",
      "provider": "provider[\"registry.terraform.io/hashicorp/random\"]",
      "instances": [
        {
          "schema_version": 0,
          "attributes": {
            "b64_std": "LVE=",
            "b64_url": "LVE",
            "byte_length": 2,
            "dec": "11601",
            "hex": "2d51",
            "id": "LVE",
            "keepers": null,
            "prefix": null
          },
          "sensitive_attributes": []
        }
      ]
    },
    {
      "module": "module.common-project-d.module.project.module.project-factory.module.project_services",
      "mode": "managed",
      "type": "google_project_service",
      "name": "project_services",
      "provider": "provider[\"registry.terraform.io/hashicorp/google\"]",
      "instances": [
        {
          "index_key": "compute.googleapis.com",
          "schema_version": 0,
          "attributes": {
            "disable_dependent_services": true,
            "disable_on_destroy": true,
            "id": "prj--triange-logging-2d51/compute.googleapis.com",
            "project": "prj--triange-logging-2d51",
            "service": "compute.googleapis.com",
            "timeouts": null
          },
          "sensitive_attributes": [],
          "private": "eyJlMmJmYjczMC1lY2FhLTExZTYtOGY4OC0zNDM2M2JjN2M0YzAiOnsiY3JlYXRlIjoxMjAwMDAwMDAwMDAwLCJkZWxldGUiOjEyMDAwMDAwMDAwMDAsInJlYWQiOjYwMDAwMDAwMDAwMCwidXBkYXRlIjoxMjAwMDAwMDAwMDAwfX0=",
          "dependencies": [
            "module.common-project-d.module.project.module.project-factory.google_project.main",
            "module.common-project-d.module.project.module.project-factory.random_id.random_project_id_suffix",
            "module.first_level_folder_common.module.folder.google_folder.folders",
            "module.root_level_folder_triange.module.folder.google_folder.folders"
          ]
        }
      ]
    },
    {
      "module": "module.common-project.module.project.module.budget",
      "mode": "data",
      "type": "google_project",
      "name": "project",
      "provider": "provider[\"registry.terraform.io/hashicorp/google\"]",
      "instances": [
        {
          "index_key": 0,
          "schema_version": 0,
          "attributes": {
            "auto_create_network": null,
            "billing_account": "0189FA-E139FD-136A58",
            "folder_id": "814722568305",
            "id": "projects/prj--host-dev-e55f",
            "labels": {},
            "name": "prj--host-dev",
            "number": "166724301875",
            "org_id": "",
            "project_id": "prj--host-dev-e55f",
            "skip_delete": null
          },
          "sensitive_attributes": []
        }
      ]
    },
    {
      "module": "module.common-project.module.project.module.project-factory",
      "mode": "managed",
      "type": "google_project",
      "name": "main",
      "provider": "provider[\"registry.terraform.io/hashicorp/google\"]",
      "instances": [
        {
          "schema_version": 1,
          "attributes": {
            "auto_create_network": false,
            "billing_account": "0189FA-E139FD-136A58",
            "folder_id": "814722568305",
            "id": "projects/prj--host-dev-e55f",
            "labels": {},
            "name": "prj--host-dev",
            "number": "166724301875",
            "org_id": "",
            "project_id": "prj--host-dev-e55f",
            "skip_delete": null,
            "timeouts": null
          },
          "sensitive_attributes": [],
          "private": "eyJlMmJmYjczMC1lY2FhLTExZTYtOGY4OC0zNDM2M2JjN2M0YzAiOnsiY3JlYXRlIjo2MDAwMDAwMDAwMDAsImRlbGV0ZSI6NjAwMDAwMDAwMDAwLCJyZWFkIjo2MDAwMDAwMDAwMDAsInVwZGF0ZSI6NjAwMDAwMDAwMDAwfSwic2NoZW1hX3ZlcnNpb24iOiIxIn0=",
          "dependencies": [
            "module.common-project.module.project.module.project-factory.random_id.random_project_id_suffix",
            "module.first_level_folder_common.module.folder.google_folder.folders",
            "module.root_level_folder_triange.module.folder.google_folder.folders"
          ]
        }
      ]
    },
    {
      "module": "module.common-project.module.project.module.project-factory",
      "mode": "managed",
      "type": "google_project_default_service_accounts",
      "name": "default_service_accounts",
      "provider": "provider[\"registry.terraform.io/hashicorp/google\"]",
      "instances": [
        {
          "index_key": 0,
          "schema_version": 0,
          "attributes": {
            "action": "DISABLE",
            "id": "projects/prj--host-dev-e55f",
            "project": "prj--host-dev-e55f",
            "restore_policy": "REVERT_AND_IGNORE_FAILURE",
            "service_accounts": {
              "118057140230407257905": "166724301875-compute@developer.gserviceaccount.com"
            },
            "timeouts": null
          },
          "sensitive_attributes": [],
          "private": "eyJlMmJmYjczMC1lY2FhLTExZTYtOGY4OC0zNDM2M2JjN2M0YzAiOnsiY3JlYXRlIjo2MDAwMDAwMDAwMDAsImRlbGV0ZSI6NjAwMDAwMDAwMDAwLCJyZWFkIjo2MDAwMDAwMDAwMDB9fQ==",
          "dependencies": [
            "module.first_level_folder_common.module.folder.google_folder.folders",
            "module.root_level_folder_triange.module.folder.google_folder.folders",
            "module.common-project.module.project.module.project-factory.google_project.main",
            "module.common-project.module.project.module.project-factory.module.project_services.google_project_iam_member.project_service_identity_roles",
            "module.common-project.module.project.module.project-factory.module.project_services.google_project_service.project_services",
            "module.common-project.module.project.module.project-factory.module.project_services.google_project_service_identity.project_service_identities",
            "module.common-project.module.project.module.project-factory.random_id.random_project_id_suffix"
          ]
        }
      ]
    },
    {
      "module": "module.common-project.module.project.module.project-factory",
      "mode": "managed",
      "type": "random_id",
      "name": "random_project_id_suffix",
      "provider": "provider[\"registry.terraform.io/hashicorp/random\"]",
      "instances": [
        {
          "schema_version": 0,
          "attributes": {
            "b64_std": "5V8=",
            "b64_url": "5V8",
            "byte_length": 2,
            "dec": "58719",
            "hex": "e55f",
            "id": "5V8",
            "keepers": null,
            "prefix": null
          },
          "sensitive_attributes": []
        }
      ]
    },
    {
      "module": "module.common-project.module.project.module.project-factory.module.project_services",
      "mode": "managed",
      "type": "google_project_service",
      "name": "project_services",
      "provider": "provider[\"registry.terraform.io/hashicorp/google\"]",
      "instances": [
        {
          "index_key": "compute.googleapis.com",
          "schema_version": 0,
          "attributes": {
            "disable_dependent_services": true,
            "disable_on_destroy": true,
            "id": "prj--host-dev-e55f/compute.googleapis.com",
            "project": "prj--host-dev-e55f",
            "service": "compute.googleapis.com",
            "timeouts": null
          },
          "sensitive_attributes": [],
          "private": "eyJlMmJmYjczMC1lY2FhLTExZTYtOGY4OC0zNDM2M2JjN2M0YzAiOnsiY3JlYXRlIjoxMjAwMDAwMDAwMDAwLCJkZWxldGUiOjEyMDAwMDAwMDAwMDAsInJlYWQiOjYwMDAwMDAwMDAwMCwidXBkYXRlIjoxMjAwMDAwMDAwMDAwfX0=",
          "dependencies": [
            "module.common-project.module.project.module.project-factory.google_project.main",
            "module.common-project.module.project.module.project-factory.random_id.random_project_id_suffix",
            "module.first_level_folder_common.module.folder.google_folder.folders",
            "module.root_level_folder_triange.module.folder.google_folder.folders"
          ]
        }
      ]
    },
    {
      "module": "module.dev-project.module.project.module.budget",
      "mode": "data",
      "type": "google_project",
      "name": "project",
      "provider": "provider[\"registry.terraform.io/hashicorp/google\"]",
      "instances": [
        {
          "index_key": 0,
          "schema_version": 0,
          "attributes": {
            "auto_create_network": null,
            "billing_account": "0189FA-E139FD-136A58",
            "folder_id": "183299019572",
            "id": "projects/prj--triange-dev-9d02",
            "labels": {},
            "name": "prj--triange-dev",
            "number": "791701814779",
            "org_id": "",
            "project_id": "prj--triange-dev-9d02",
            "skip_delete": null
          },
          "sensitive_attributes": []
        }
      ]
    },
    {
      "module": "module.dev-project.module.project.module.project-factory",
      "mode": "managed",
      "type": "google_project",
      "name": "main",
      "provider": "provider[\"registry.terraform.io/hashicorp/google\"]",
      "instances": [
        {
          "schema_version": 1,
          "attributes": {
            "auto_create_network": false,
            "billing_account": "0189FA-E139FD-136A58",
            "folder_id": "183299019572",
            "id": "projects/prj--triange-dev-9d02",
            "labels": {},
            "name": "prj--triange-dev",
            "number": "791701814779",
            "org_id": "",
            "project_id": "prj--triange-dev-9d02",
            "skip_delete": null,
            "timeouts": null
          },
          "sensitive_attributes": [],
          "private": "eyJlMmJmYjczMC1lY2FhLTExZTYtOGY4OC0zNDM2M2JjN2M0YzAiOnsiY3JlYXRlIjo2MDAwMDAwMDAwMDAsImRlbGV0ZSI6NjAwMDAwMDAwMDAwLCJyZWFkIjo2MDAwMDAwMDAwMDAsInVwZGF0ZSI6NjAwMDAwMDAwMDAwfSwic2NoZW1hX3ZlcnNpb24iOiIxIn0=",
          "dependencies": [
            "module.dev-project.module.project.module.project-factory.random_id.random_project_id_suffix",
            "module.first_level_folder_dev.module.folder.google_folder.folders",
            "module.root_level_folder_triange.module.folder.google_folder.folders"
          ]
        }
      ]
    },
    {
      "module": "module.dev-project.module.project.module.project-factory",
      "mode": "managed",
      "type": "google_project_default_service_accounts",
      "name": "default_service_accounts",
      "provider": "provider[\"registry.terraform.io/hashicorp/google\"]",
      "instances": [
        {
          "index_key": 0,
          "schema_version": 0,
          "attributes": {
            "action": "DISABLE",
            "id": "projects/prj--triange-dev-9d02",
            "project": "prj--triange-dev-9d02",
            "restore_policy": "REVERT_AND_IGNORE_FAILURE",
            "service_accounts": {
              "111499678896455227687": "791701814779-compute@developer.gserviceaccount.com"
            },
            "timeouts": null
          },
          "sensitive_attributes": [],
          "private": "eyJlMmJmYjczMC1lY2FhLTExZTYtOGY4OC0zNDM2M2JjN2M0YzAiOnsiY3JlYXRlIjo2MDAwMDAwMDAwMDAsImRlbGV0ZSI6NjAwMDAwMDAwMDAwLCJyZWFkIjo2MDAwMDAwMDAwMDB9fQ==",
          "dependencies": [
            "module.dev-project.module.project.module.project-factory.module.project_services.google_project_iam_member.project_service_identity_roles",
            "module.dev-project.module.project.module.project-factory.module.project_services.google_project_service.project_services",
            "module.dev-project.module.project.module.project-factory.module.project_services.google_project_service_identity.project_service_identities",
            "module.dev-project.module.project.module.project-factory.random_id.random_project_id_suffix",
            "module.first_level_folder_dev.module.folder.google_folder.folders",
            "module.root_level_folder_triange.module.folder.google_folder.folders",
            "module.dev-project.module.project.module.project-factory.google_project.main"
          ]
        }
      ]
    },
    {
      "module": "module.dev-project.module.project.module.project-factory",
      "mode": "managed",
      "type": "random_id",
      "name": "random_project_id_suffix",
      "provider": "provider[\"registry.terraform.io/hashicorp/random\"]",
      "instances": [
        {
          "schema_version": 0,
          "attributes": {
            "b64_std": "nQI=",
            "b64_url": "nQI",
            "byte_length": 2,
            "dec": "40194",
            "hex": "9d02",
            "id": "nQI",
            "keepers": null,
            "prefix": null
          },
          "sensitive_attributes": []
        }
      ]
    },
    {
      "module": "module.dev-project.module.project.module.project-factory.module.project_services",
      "mode": "managed",
      "type": "google_project_service",
      "name": "project_services",
      "provider": "provider[\"registry.terraform.io/hashicorp/google\"]",
      "instances": [
        {
          "index_key": "compute.googleapis.com",
          "schema_version": 0,
          "attributes": {
            "disable_dependent_services": true,
            "disable_on_destroy": true,
            "id": "prj--triange-dev-9d02/compute.googleapis.com",
            "project": "prj--triange-dev-9d02",
            "service": "compute.googleapis.com",
            "timeouts": null
          },
          "sensitive_attributes": [],
          "private": "eyJlMmJmYjczMC1lY2FhLTExZTYtOGY4OC0zNDM2M2JjN2M0YzAiOnsiY3JlYXRlIjoxMjAwMDAwMDAwMDAwLCJkZWxldGUiOjEyMDAwMDAwMDAwMDAsInJlYWQiOjYwMDAwMDAwMDAwMCwidXBkYXRlIjoxMjAwMDAwMDAwMDAwfX0=",
          "dependencies": [
            "module.dev-project.module.project.module.project-factory.google_project.main",
            "module.dev-project.module.project.module.project-factory.random_id.random_project_id_suffix",
            "module.first_level_folder_dev.module.folder.google_folder.folders",
            "module.root_level_folder_triange.module.folder.google_folder.folders"
          ]
        }
      ]
    },
    {
      "module": "module.first_level_folder_common.module.folder",
      "mode": "managed",
      "type": "google_folder",
      "name": "folders",
      "provider": "provider[\"registry.terraform.io/hashicorp/google\"]",
      "instances": [
        {
          "index_key": "fldr-common",
          "schema_version": 0,
          "attributes": {
            "create_time": "2023-08-28T09:56:16.201Z",
            "display_name": "fldr-common",
            "folder_id": "814722568305",
            "id": "folders/814722568305",
            "lifecycle_state": "ACTIVE",
            "name": "folders/814722568305",
            "parent": "folders/354778346943",
            "timeouts": null
          },
          "sensitive_attributes": [],
          "private": "eyJlMmJmYjczMC1lY2FhLTExZTYtOGY4OC0zNDM2M2JjN2M0YzAiOnsiY3JlYXRlIjoyNDAwMDAwMDAwMDAsImRlbGV0ZSI6MjQwMDAwMDAwMDAwLCJyZWFkIjoyNDAwMDAwMDAwMDAsInVwZGF0ZSI6MjQwMDAwMDAwMDAwfX0=",
          "dependencies": [
            "module.root_level_folder_triange.module.folder.google_folder.folders"
          ]
        }
      ]
    },
    {
      "module": "module.first_level_folder_dev.module.folder",
      "mode": "managed",
      "type": "google_folder",
      "name": "folders",
      "provider": "provider[\"registry.terraform.io/hashicorp/google\"]",
      "instances": [
        {
          "index_key": "fldr-dev",
          "schema_version": 0,
          "attributes": {
            "create_time": "2023-08-28T09:56:17.689Z",
            "display_name": "fldr-dev",
            "folder_id": "183299019572",
            "id": "folders/183299019572",
            "lifecycle_state": "ACTIVE",
            "name": "folders/183299019572",
            "parent": "folders/354778346943",
            "timeouts": null
          },
          "sensitive_attributes": [],
          "private": "eyJlMmJmYjczMC1lY2FhLTExZTYtOGY4OC0zNDM2M2JjN2M0YzAiOnsiY3JlYXRlIjoyNDAwMDAwMDAwMDAsImRlbGV0ZSI6MjQwMDAwMDAwMDAwLCJyZWFkIjoyNDAwMDAwMDAwMDAsInVwZGF0ZSI6MjQwMDAwMDAwMDAwfX0=",
          "dependencies": [
            "module.root_level_folder_triange.module.folder.google_folder.folders"
          ]
        }
      ]
    },
    {
      "module": "module.first_level_folder_prod.module.folder",
      "mode": "managed",
      "type": "google_folder",
      "name": "folders",
      "provider": "provider[\"registry.terraform.io/hashicorp/google\"]",
      "instances": [
        {
          "index_key": "fldr-prod",
          "schema_version": 0,
          "attributes": {
            "create_time": "2023-08-28T09:56:19.758Z",
            "display_name": "fldr-prod",
            "folder_id": "1021418402632",
            "id": "folders/1021418402632",
            "lifecycle_state": "ACTIVE",
            "name": "folders/1021418402632",
            "parent": "folders/354778346943",
            "timeouts": null
          },
          "sensitive_attributes": [],
          "private": "eyJlMmJmYjczMC1lY2FhLTExZTYtOGY4OC0zNDM2M2JjN2M0YzAiOnsiY3JlYXRlIjoyNDAwMDAwMDAwMDAsImRlbGV0ZSI6MjQwMDAwMDAwMDAwLCJyZWFkIjoyNDAwMDAwMDAwMDAsInVwZGF0ZSI6MjQwMDAwMDAwMDAwfX0=",
          "dependencies": [
            "module.root_level_folder_triange.module.folder.google_folder.folders"
          ]
        }
      ]
    },
    {
      "module": "module.first_level_folder_stage.module.folder",
      "mode": "managed",
      "type": "google_folder",
      "name": "folders",
      "provider": "provider[\"registry.terraform.io/hashicorp/google\"]",
      "instances": [
        {
          "index_key": "fldr-stage",
          "schema_version": 0,
          "attributes": {
            "create_time": "2023-08-28T09:56:18.895Z",
            "display_name": "fldr-stage",
            "folder_id": "717183913542",
            "id": "folders/717183913542",
            "lifecycle_state": "ACTIVE",
            "name": "folders/717183913542",
            "parent": "folders/354778346943",
            "timeouts": null
          },
          "sensitive_attributes": [],
          "private": "eyJlMmJmYjczMC1lY2FhLTExZTYtOGY4OC0zNDM2M2JjN2M0YzAiOnsiY3JlYXRlIjoyNDAwMDAwMDAwMDAsImRlbGV0ZSI6MjQwMDAwMDAwMDAwLCJyZWFkIjoyNDAwMDAwMDAwMDAsInVwZGF0ZSI6MjQwMDAwMDAwMDAwfX0=",
          "dependencies": [
            "module.root_level_folder_triange.module.folder.google_folder.folders"
          ]
        }
      ]
    },
    {
      "module": "module.prod-project.module.project.module.budget",
      "mode": "data",
      "type": "google_project",
      "name": "project",
      "provider": "provider[\"registry.terraform.io/hashicorp/google\"]",
      "instances": [
        {
          "index_key": 0,
          "schema_version": 0,
          "attributes": {
            "auto_create_network": null,
            "billing_account": "0189FA-E139FD-136A58",
            "folder_id": "1021418402632",
            "id": "projects/prj--triange-prod-5f66",
            "labels": {},
            "name": "prj--triange-prod",
            "number": "969758866860",
            "org_id": "",
            "project_id": "prj--triange-prod-5f66",
            "skip_delete": null
          },
          "sensitive_attributes": []
        }
      ]
    },
    {
      "module": "module.prod-project.module.project.module.project-factory",
      "mode": "managed",
      "type": "google_project",
      "name": "main",
      "provider": "provider[\"registry.terraform.io/hashicorp/google\"]",
      "instances": [
        {
          "schema_version": 1,
          "attributes": {
            "auto_create_network": false,
            "billing_account": "0189FA-E139FD-136A58",
            "folder_id": "1021418402632",
            "id": "projects/prj--triange-prod-5f66",
            "labels": {},
            "name": "prj--triange-prod",
            "number": "969758866860",
            "org_id": "",
            "project_id": "prj--triange-prod-5f66",
            "skip_delete": null,
            "timeouts": null
          },
          "sensitive_attributes": [],
          "private": "eyJlMmJmYjczMC1lY2FhLTExZTYtOGY4OC0zNDM2M2JjN2M0YzAiOnsiY3JlYXRlIjo2MDAwMDAwMDAwMDAsImRlbGV0ZSI6NjAwMDAwMDAwMDAwLCJyZWFkIjo2MDAwMDAwMDAwMDAsInVwZGF0ZSI6NjAwMDAwMDAwMDAwfSwic2NoZW1hX3ZlcnNpb24iOiIxIn0=",
          "dependencies": [
            "module.first_level_folder_prod.module.folder.google_folder.folders",
            "module.prod-project.module.project.module.project-factory.random_id.random_project_id_suffix",
            "module.root_level_folder_triange.module.folder.google_folder.folders"
          ]
        }
      ]
    },
    {
      "module": "module.prod-project.module.project.module.project-factory",
      "mode": "managed",
      "type": "google_project_default_service_accounts",
      "name": "default_service_accounts",
      "provider": "provider[\"registry.terraform.io/hashicorp/google\"]",
      "instances": [
        {
          "index_key": 0,
          "schema_version": 0,
          "attributes": {
            "action": "DISABLE",
            "id": "projects/prj--triange-prod-5f66",
            "project": "prj--triange-prod-5f66",
            "restore_policy": "REVERT_AND_IGNORE_FAILURE",
            "service_accounts": {
              "117295969682214841968": "969758866860-compute@developer.gserviceaccount.com"
            },
            "timeouts": null
          },
          "sensitive_attributes": [],
          "private": "eyJlMmJmYjczMC1lY2FhLTExZTYtOGY4OC0zNDM2M2JjN2M0YzAiOnsiY3JlYXRlIjo2MDAwMDAwMDAwMDAsImRlbGV0ZSI6NjAwMDAwMDAwMDAwLCJyZWFkIjo2MDAwMDAwMDAwMDB9fQ==",
          "dependencies": [
            "module.first_level_folder_prod.module.folder.google_folder.folders",
            "module.prod-project.module.project.module.project-factory.google_project.main",
            "module.prod-project.module.project.module.project-factory.module.project_services.google_project_iam_member.project_service_identity_roles",
            "module.prod-project.module.project.module.project-factory.module.project_services.google_project_service.project_services",
            "module.prod-project.module.project.module.project-factory.module.project_services.google_project_service_identity.project_service_identities",
            "module.prod-project.module.project.module.project-factory.random_id.random_project_id_suffix",
            "module.root_level_folder_triange.module.folder.google_folder.folders"
          ]
        }
      ]
    },
    {
      "module": "module.prod-project.module.project.module.project-factory",
      "mode": "managed",
      "type": "random_id",
      "name": "random_project_id_suffix",
      "provider": "provider[\"registry.terraform.io/hashicorp/random\"]",
      "instances": [
        {
          "schema_version": 0,
          "attributes": {
            "b64_std": "X2Y=",
            "b64_url": "X2Y",
            "byte_length": 2,
            "dec": "24422",
            "hex": "5f66",
            "id": "X2Y",
            "keepers": null,
            "prefix": null
          },
          "sensitive_attributes": []
        }
      ]
    },
    {
      "module": "module.prod-project.module.project.module.project-factory.module.project_services",
      "mode": "managed",
      "type": "google_project_service",
      "name": "project_services",
      "provider": "provider[\"registry.terraform.io/hashicorp/google\"]",
      "instances": [
        {
          "index_key": "compute.googleapis.com",
          "schema_version": 0,
          "attributes": {
            "disable_dependent_services": true,
            "disable_on_destroy": true,
            "id": "prj--triange-prod-5f66/compute.googleapis.com",
            "project": "prj--triange-prod-5f66",
            "service": "compute.googleapis.com",
            "timeouts": null
          },
          "sensitive_attributes": [],
          "private": "eyJlMmJmYjczMC1lY2FhLTExZTYtOGY4OC0zNDM2M2JjN2M0YzAiOnsiY3JlYXRlIjoxMjAwMDAwMDAwMDAwLCJkZWxldGUiOjEyMDAwMDAwMDAwMDAsInJlYWQiOjYwMDAwMDAwMDAwMCwidXBkYXRlIjoxMjAwMDAwMDAwMDAwfX0=",
          "dependencies": [
            "module.first_level_folder_prod.module.folder.google_folder.folders",
            "module.prod-project.module.project.module.project-factory.google_project.main",
            "module.prod-project.module.project.module.project-factory.random_id.random_project_id_suffix",
            "module.root_level_folder_triange.module.folder.google_folder.folders"
          ]
        }
      ]
    },
    {
      "module": "module.root_level_folder_triange.module.folder",
      "mode": "managed",
      "type": "google_folder",
      "name": "folders",
      "provider": "provider[\"registry.terraform.io/hashicorp/google\"]",
      "instances": [
        {
          "index_key": "fldr-ti",
          "schema_version": 0,
          "attributes": {
            "create_time": "2023-08-28T09:56:01.085Z",
            "display_name": "fldr-ti",
            "folder_id": "354778346943",
            "id": "folders/354778346943",
            "lifecycle_state": "ACTIVE",
            "name": "folders/354778346943",
            "parent": "organizations/982728707510",
            "timeouts": null
          },
          "sensitive_attributes": [],
          "private": "eyJlMmJmYjczMC1lY2FhLTExZTYtOGY4OC0zNDM2M2JjN2M0YzAiOnsiY3JlYXRlIjoyNDAwMDAwMDAwMDAsImRlbGV0ZSI6MjQwMDAwMDAwMDAwLCJyZWFkIjoyNDAwMDAwMDAwMDAsInVwZGF0ZSI6MjQwMDAwMDAwMDAwfX0="
        }
      ]
    },
    {
      "module": "module.stage-project.module.project.module.budget",
      "mode": "data",
      "type": "google_project",
      "name": "project",
      "provider": "provider[\"registry.terraform.io/hashicorp/google\"]",
      "instances": [
        {
          "index_key": 0,
          "schema_version": 0,
          "attributes": {
            "auto_create_network": null,
            "billing_account": "0189FA-E139FD-136A58",
            "folder_id": "717183913542",
            "id": "projects/prj--triange-stage-a098",
            "labels": {},
            "name": "prj--triange-stage",
            "number": "816807685049",
            "org_id": "",
            "project_id": "prj--triange-stage-a098",
            "skip_delete": null
          },
          "sensitive_attributes": []
        }
      ]
    },
    {
      "module": "module.stage-project.module.project.module.project-factory",
      "mode": "managed",
      "type": "google_project",
      "name": "main",
      "provider": "provider[\"registry.terraform.io/hashicorp/google\"]",
      "instances": [
        {
          "schema_version": 1,
          "attributes": {
            "auto_create_network": false,
            "billing_account": "0189FA-E139FD-136A58",
            "folder_id": "717183913542",
            "id": "projects/prj--triange-stage-a098",
            "labels": {},
            "name": "prj--triange-stage",
            "number": "816807685049",
            "org_id": "",
            "project_id": "prj--triange-stage-a098",
            "skip_delete": null,
            "timeouts": null
          },
          "sensitive_attributes": [],
          "private": "eyJlMmJmYjczMC1lY2FhLTExZTYtOGY4OC0zNDM2M2JjN2M0YzAiOnsiY3JlYXRlIjo2MDAwMDAwMDAwMDAsImRlbGV0ZSI6NjAwMDAwMDAwMDAwLCJyZWFkIjo2MDAwMDAwMDAwMDAsInVwZGF0ZSI6NjAwMDAwMDAwMDAwfSwic2NoZW1hX3ZlcnNpb24iOiIxIn0=",
          "dependencies": [
            "module.first_level_folder_stage.module.folder.google_folder.folders",
            "module.root_level_folder_triange.module.folder.google_folder.folders",
            "module.stage-project.module.project.module.project-factory.random_id.random_project_id_suffix"
          ]
        }
      ]
    },
    {
      "module": "module.stage-project.module.project.module.project-factory",
      "mode": "managed",
      "type": "google_project_default_service_accounts",
      "name": "default_service_accounts",
      "provider": "provider[\"registry.terraform.io/hashicorp/google\"]",
      "instances": [
        {
          "index_key": 0,
          "schema_version": 0,
          "attributes": {
            "action": "DISABLE",
            "id": "projects/prj--triange-stage-a098",
            "project": "prj--triange-stage-a098",
            "restore_policy": "REVERT_AND_IGNORE_FAILURE",
            "service_accounts": {
              "114134976593121304557": "816807685049-compute@developer.gserviceaccount.com"
            },
            "timeouts": null
          },
          "sensitive_attributes": [],
          "private": "eyJlMmJmYjczMC1lY2FhLTExZTYtOGY4OC0zNDM2M2JjN2M0YzAiOnsiY3JlYXRlIjo2MDAwMDAwMDAwMDAsImRlbGV0ZSI6NjAwMDAwMDAwMDAwLCJyZWFkIjo2MDAwMDAwMDAwMDB9fQ==",
          "dependencies": [
            "module.stage-project.module.project.module.project-factory.module.project_services.google_project_service.project_services",
            "module.stage-project.module.project.module.project-factory.module.project_services.google_project_service_identity.project_service_identities",
            "module.stage-project.module.project.module.project-factory.random_id.random_project_id_suffix",
            "module.first_level_folder_stage.module.folder.google_folder.folders",
            "module.root_level_folder_triange.module.folder.google_folder.folders",
            "module.stage-project.module.project.module.project-factory.google_project.main",
            "module.stage-project.module.project.module.project-factory.module.project_services.google_project_iam_member.project_service_identity_roles"
          ]
        }
      ]
    },
    {
      "module": "module.stage-project.module.project.module.project-factory",
      "mode": "managed",
      "type": "random_id",
      "name": "random_project_id_suffix",
      "provider": "provider[\"registry.terraform.io/hashicorp/random\"]",
      "instances": [
        {
          "schema_version": 0,
          "attributes": {
            "b64_std": "oJg=",
            "b64_url": "oJg",
            "byte_length": 2,
            "dec": "41112",
            "hex": "a098",
            "id": "oJg",
            "keepers": null,
            "prefix": null
          },
          "sensitive_attributes": []
        }
      ]
    },
    {
      "module": "module.stage-project.module.project.module.project-factory.module.project_services",
      "mode": "managed",
      "type": "google_project_service",
      "name": "project_services",
      "provider": "provider[\"registry.terraform.io/hashicorp/google\"]",
      "instances": [
        {
          "index_key": "compute.googleapis.com",
          "schema_version": 0,
          "attributes": {
            "disable_dependent_services": true,
            "disable_on_destroy": true,
            "id": "prj--triange-stage-a098/compute.googleapis.com",
            "project": "prj--triange-stage-a098",
            "service": "compute.googleapis.com",
            "timeouts": null
          },
          "sensitive_attributes": [],
          "private": "eyJlMmJmYjczMC1lY2FhLTExZTYtOGY4OC0zNDM2M2JjN2M0YzAiOnsiY3JlYXRlIjoxMjAwMDAwMDAwMDAwLCJkZWxldGUiOjEyMDAwMDAwMDAwMDAsInJlYWQiOjYwMDAwMDAwMDAwMCwidXBkYXRlIjoxMjAwMDAwMDAwMDAwfX0=",
          "dependencies": [
            "module.first_level_folder_stage.module.folder.google_folder.folders",
            "module.root_level_folder_triange.module.folder.google_folder.folders",
            "module.stage-project.module.project.module.project-factory.google_project.main",
            "module.stage-project.module.project.module.project-factory.random_id.random_project_id_suffix"
          ]
        }
      ]
    }
  ]
}
